
Microsoft Visual Studio Solution File, Format Version 12.00
# Visual Studio Version 16
VisualStudioVersion = 16.0.30413.136
MinimumVisualStudioVersion = 10.0.40219.1
Project("{2150E333-8FDC-42A3-9474-1A3956D46DE8}") = "Src", "Src", "{51976A78-3C01-412A-81B5-39752C8F5CC3}"
EndProject
Project("{2150E333-8FDC-42A3-9474-1A3956D46DE8}") = "Demo", "Demo", "{3868B8AF-4868-4CC2-ACCE-E83A47DBA29B}"
EndProject
Project("{9A19103F-16F7-4668-BE54-9A1E7A4F7556}") = "BlockUI.Blazor.Demo", "Code\BlockUI.Blazor.Demo\BlockUI.Blazor.Demo.csproj", "{2AE6D613-993B-4ABA-AD1C-6BA91F051EEE}"
EndProject
Project("{9A19103F-16F7-4668-BE54-9A1E7A4F7556}") = "BlockUI.Blazor", "Code\BlockUI.Blazor\BlockUI.Blazor.csproj", "{2C1674CD-9DD4-4B19-BEA0-03A69AC87B8D}"
EndProject
Project("{2150E333-8FDC-42A3-9474-1A3956D46DE8}") = "Solution Items", "Solution Items", "{17F8D17C-FF79-4224-9A05-3C14D53F248F}"
	ProjectSection(SolutionItems) = preProject
		README.md = README.md
	EndProjectSection
EndProject
Global
	GlobalSection(SolutionConfigurationPlatforms) = preSolution
		Debug|Any CPU = Debug|Any CPU
		Release|Any CPU = Release|Any CPU
	EndGlobalSection
	GlobalSection(ProjectConfigurationPlatforms) = postSolution
		{2AE6D613-993B-4ABA-AD1C-6BA91F051EEE}.Debug|Any CPU.ActiveCfg = Debug|Any CPU
		{2AE6D613-993B-4ABA-AD1C-6BA91F051EEE}.Debug|Any CPU.Build.0 = Debug|Any CPU
		{2AE6D613-993B-4ABA-AD1C-6BA91F051EEE}.Release|Any CPU.ActiveCfg = Release|Any CPU
		{2AE6D613-993B-4ABA-AD1C-6BA91F051EEE}.Release|Any CPU.Build.0 = Release|Any CPU
		{2C1674CD-9DD4-4B19-BEA0-03A69AC87B8D}.Debug|Any CPU.ActiveCfg = Debug|Any CPU
		{2C1674CD-9DD4-4B19-BEA0-03A69AC87B8D}.Debug|Any CPU.Build.0 = Debug|Any CPU
		{2C1674CD-9DD4-4B19-BEA0-03A69AC87B8D}.Release|Any CPU.ActiveCfg = Release|Any CPU
		{2C1674CD-9DD4-4B19-BEA0-03A69AC87B8D}.Release|Any CPU.Build.0 = Release|Any CPU
	EndGlobalSection
	GlobalSection(SolutionProperties) = preSolution
		HideSolutionNode = FALSE
	EndGlobalSection
	GlobalSection(NestedProjects) = preSolution
		{2AE6D613-993B-4ABA-AD1C-6BA91F051EEE} = {3868B8AF-4868-4CC2-ACCE-E83A47DBA29B}
		{2C1674CD-9DD4-4B19-BEA0-03A69AC87B8D} = {51976A78-3C01-412A-81B5-39752C8F5CC3}
	EndGlobalSection
	GlobalSection(ExtensibilityGlobals) = postSolution
		SolutionGuid = {D1D4F34E-5FD5-4755-8AD1-FE541F900053}
	EndGlobalSection
EndGlobal
